
Microsoft Visual Studio Solution File, Format Version 12.00
# Visual Studio 15
VisualStudioVersion = 15.0.27130.2010
MinimumVisualStudioVersion = 10.0.40219.1
Project("{FAE04EC0-301F-11D3-BF4B-00C04F79EFBC}") = "Training7", "Training7\Training7.csproj", "{CDB178E2-EACE-4516-99F3-5A45CCA48D89}"
EndProject
Project("{FAE04EC0-301F-11D3-BF4B-00C04F79EFBC}") = "ClientApp", "ClientApp\ClientApp.csproj", "{49F18BB7-5D34-41A4-9D35-4E36CDD4621B}"
EndProject
Global
	GlobalSection(SolutionConfigurationPlatforms) = preSolution
		Debug|Any CPU = Debug|Any CPU
		Release|Any CPU = Release|Any CPU
	EndGlobalSection
	GlobalSection(ProjectConfigurationPlatforms) = postSolution
		{CDB178E2-EACE-4516-99F3-5A45CCA48D89}.Debug|Any CPU.ActiveCfg = Debug|Any CPU
		{CDB178E2-EACE-4516-99F3-5A45CCA48D89}.Debug|Any CPU.Build.0 = Debug|Any CPU
		{CDB178E2-EACE-4516-99F3-5A45CCA48D89}.Release|Any CPU.ActiveCfg = Release|Any CPU
		{CDB178E2-EACE-4516-99F3-5A45CCA48D89}.Release|Any CPU.Build.0 = Release|Any CPU
		{49F18BB7-5D34-41A4-9D35-4E36CDD4621B}.Debug|Any CPU.ActiveCfg = Debug|Any CPU
		{49F18BB7-5D34-41A4-9D35-4E36CDD4621B}.Debug|Any CPU.Build.0 = Debug|Any CPU
		{49F18BB7-5D34-41A4-9D35-4E36CDD4621B}.Release|Any CPU.ActiveCfg = Release|Any CPU
		{49F18BB7-5D34-41A4-9D35-4E36CDD4621B}.Release|Any CPU.Build.0 = Release|Any CPU
	EndGlobalSection
	GlobalSection(SolutionProperties) = preSolution
		HideSolutionNode = FALSE
	EndGlobalSection
	GlobalSection(ExtensibilityGlobals) = postSolution
		SolutionGuid = {9171B17C-AF34-44F9-9CFE-EEA345FACB8E}
	EndGlobalSection
EndGlobal
